// !$*UTF8*$!
{
	archiveVersion = 1;
	classes = {
	};
	objectVersion = 56;
	objects = {

/* Begin PBXBuildFile section */
		DA03E2C22B794DCA002FBB62 /* AppDelegate.swift in Sources */ = {isa = PBXBuildFile; fileRef = DA03E2C12B794DCA002FBB62 /* AppDelegate.swift */; };
		DA03E2C42B794DCA002FBB62 /* SceneDelegate.swift in Sources */ = {isa = PBXBuildFile; fileRef = DA03E2C32B794DCA002FBB62 /* SceneDelegate.swift */; };
		DA03E2C62B794DCA002FBB62 /* ViewController.swift in Sources */ = {isa = PBXBuildFile; fileRef = DA03E2C52B794DCA002FBB62 /* ViewController.swift */; };
		DA03E2CB2B794DCB002FBB62 /* Assets.xcassets in Resources */ = {isa = PBXBuildFile; fileRef = DA03E2CA2B794DCB002FBB62 /* Assets.xcassets */; };
		DA03E2CE2B794DCB002FBB62 /* LaunchScreen.storyboard in Resources */ = {isa = PBXBuildFile; fileRef = DA03E2CC2B794DCB002FBB62 /* LaunchScreen.storyboard */; };
		DA03E2D62B794E50002FBB62 /* Coordinator.swift in Sources */ = {isa = PBXBuildFile; fileRef = DA03E2D52B794E50002FBB62 /* Coordinator.swift */; };
		DA03E2D82B794ECC002FBB62 /* MainCoordinator.swift in Sources */ = {isa = PBXBuildFile; fileRef = DA03E2D72B794ECC002FBB62 /* MainCoordinator.swift */; };
		DA03E2DA2B79512E002FBB62 /* DetailViewController.swift in Sources */ = {isa = PBXBuildFile; fileRef = DA03E2D92B79512E002FBB62 /* DetailViewController.swift */; };
		DA03E2DC2B795477002FBB62 /* DetailCoordinator.swift in Sources */ = {isa = PBXBuildFile; fileRef = DA03E2DB2B795477002FBB62 /* DetailCoordinator.swift */; };
/* End PBXBuildFile section */

/* Begin PBXFileReference section */
		DA03E2BE2B794DCA002FBB62 /* coordinator-pattern.app */ = {isa = PBXFileReference; explicitFileType = wrapper.application; includeInIndex = 0; path = "coordinator-pattern.app"; sourceTree = BUILT_PRODUCTS_DIR; };
		DA03E2C12B794DCA002FBB62 /* AppDelegate.swift */ = {isa = PBXFileReference; lastKnownFileType = sourcecode.swift; path = AppDelegate.swift; sourceTree = "<group>"; };
		DA03E2C32B794DCA002FBB62 /* SceneDelegate.swift */ = {isa = PBXFileReference; lastKnownFileType = sourcecode.swift; path = SceneDelegate.swift; sourceTree = "<group>"; };
		DA03E2C52B794DCA002FBB62 /* ViewController.swift */ = {isa = PBXFileReference; lastKnownFileType = sourcecode.swift; path = ViewController.swift; sourceTree = "<group>"; };
		DA03E2CA2B794DCB002FBB62 /* Assets.xcassets */ = {isa = PBXFileReference; lastKnownFileType = folder.assetcatalog; path = Assets.xcassets; sourceTree = "<group>"; };
		DA03E2CD2B794DCB002FBB62 /* Base */ = {isa = PBXFileReference; lastKnownFileType = file.storyboard; name = Base; path = Base.lproj/LaunchScreen.storyboard; sourceTree = "<group>"; };
		DA03E2CF2B794DCB002FBB62 /* Info.plist */ = {isa = PBXFileReference; lastKnownFileType = text.plist.xml; path = Info.plist; sourceTree = "<group>"; };
		DA03E2D52B794E50002FBB62 /* Coordinator.swift */ = {isa = PBXFileReference; lastKnownFileType = sourcecode.swift; path = Coordinator.swift; sourceTree = "<group>"; };
		DA03E2D72B794ECC002FBB62 /* MainCoordinator.swift */ = {isa = PBXFileReference; lastKnownFileType = sourcecode.swift; path = MainCoordinator.swift; sourceTree = "<group>"; };
		DA03E2D92B79512E002FBB62 /* DetailViewController.swift */ = {isa = PBXFileReference; lastKnownFileType = sourcecode.swift; path = DetailViewController.swift; sourceTree = "<group>"; };
		DA03E2DB2B795477002FBB62 /* DetailCoordinator.swift */ = {isa = PBXFileReference; lastKnownFileType = sourcecode.swift; path = DetailCoordinator.swift; sourceTree = "<group>"; };
/* End PBXFileReference section */

/* Begin PBXFrameworksBuildPhase section */
		DA03E2BB2B794DCA002FBB62 /* Frameworks */ = {
			isa = PBXFrameworksBuildPhase;
			buildActionMask = 2147483647;
			files = (
			);
			runOnlyForDeploymentPostprocessing = 0;
		};
/* End PBXFrameworksBuildPhase section */

/* Begin PBXGroup section */
		DA03E2B52B794DCA002FBB62 = {
			isa = PBXGroup;
			children = (
				DA03E2C02B794DCA002FBB62 /* coordinator-pattern */,
				DA03E2BF2B794DCA002FBB62 /* Products */,
			);
			sourceTree = "<group>";
		};
		DA03E2BF2B794DCA002FBB62 /* Products */ = {
			isa = PBXGroup;
			children = (
				DA03E2BE2B794DCA002FBB62 /* coordinator-pattern.app */,
			);
			name = Products;
			sourceTree = "<group>";
		};
		DA03E2C02B794DCA002FBB62 /* coordinator-pattern */ = {
			isa = PBXGroup;
			children = (
				DA03E2E02B79549F002FBB62 /* app */,
				DA03E2DD2B795482002FBB62 /* views */,
				DA03E2CA2B794DCB002FBB62 /* Assets.xcassets */,
				DA03E2CC2B794DCB002FBB62 /* LaunchScreen.storyboard */,
				DA03E2CF2B794DCB002FBB62 /* Info.plist */,
			);
			path = "coordinator-pattern";
			sourceTree = "<group>";
		};
		DA03E2DD2B795482002FBB62 /* views */ = {
			isa = PBXGroup;
			children = (
				DA03E2DF2B795499002FBB62 /* second */,
				DA03E2DE2B795491002FBB62 /* main */,
			);
			path = views;
			sourceTree = "<group>";
		};
		DA03E2DE2B795491002FBB62 /* main */ = {
			isa = PBXGroup;
			children = (
				DA03E2D72B794ECC002FBB62 /* MainCoordinator.swift */,
				DA03E2C52B794DCA002FBB62 /* ViewController.swift */,
			);
			path = main;
			sourceTree = "<group>";
		};
		DA03E2DF2B795499002FBB62 /* second */ = {
			isa = PBXGroup;
			children = (
				DA03E2DB2B795477002FBB62 /* DetailCoordinator.swift */,
				DA03E2D92B79512E002FBB62 /* DetailViewController.swift */,
			);
			path = second;
			sourceTree = "<group>";
		};
		DA03E2E02B79549F002FBB62 /* app */ = {
			isa = PBXGroup;
			children = (
				DA03E2C32B794DCA002FBB62 /* SceneDelegate.swift */,
				DA03E2C12B794DCA002FBB62 /* AppDelegate.swift */,
				DA03E2D52B794E50002FBB62 /* Coordinator.swift */,
			);
			path = app;
			sourceTree = "<group>";
		};
/* End PBXGroup section */

/* Begin PBXNativeTarget section */
		DA03E2BD2B794DCA002FBB62 /* coordinator-pattern */ = {
			isa = PBXNativeTarget;
			buildConfigurationList = DA03E2D22B794DCB002FBB62 /* Build configuration list for PBXNativeTarget "coordinator-pattern" */;
			buildPhases = (
				DA03E2BA2B794DCA002FBB62 /* Sources */,
				DA03E2BB2B794DCA002FBB62 /* Frameworks */,
				DA03E2BC2B794DCA002FBB62 /* Resources */,
			);
			buildRules = (
			);
			dependencies = (
			);
			name = "coordinator-pattern";
			productName = "coordinator-pattern";
			productReference = DA03E2BE2B794DCA002FBB62 /* coordinator-pattern.app */;
			productType = "com.apple.product-type.application";
		};
/* End PBXNativeTarget section */

/* Begin PBXProject section */
		DA03E2B62B794DCA002FBB62 /* Project object */ = {
			isa = PBXProject;
			attributes = {
				BuildIndependentTargetsInParallel = 1;
				LastSwiftUpdateCheck = 1520;
				LastUpgradeCheck = 1520;
				TargetAttributes = {
					DA03E2BD2B794DCA002FBB62 = {
						CreatedOnToolsVersion = 15.2;
					};
				};
			};
			buildConfigurationList = DA03E2B92B794DCA002FBB62 /* Build configuration list for PBXProject "coordinator-pattern" */;
			compatibilityVersion = "Xcode 14.0";
			developmentRegion = en;
			hasScannedForEncodings = 0;
			knownRegions = (
				en,
				Base,
			);
			mainGroup = DA03E2B52B794DCA002FBB62;
			productRefGroup = DA03E2BF2B794DCA002FBB62 /* Products */;
			projectDirPath = "";
			projectRoot = "";
			targets = (
				DA03E2BD2B794DCA002FBB62 /* coordinator-pattern */,
			);
		};
/* End PBXProject section */

/* Begin PBXResourcesBuildPhase section */
		DA03E2BC2B794DCA002FBB62 /* Resources */ = {
			isa = PBXResourcesBuildPhase;
			buildActionMask = 2147483647;
			files = (
				DA03E2CE2B794DCB002FBB62 /* LaunchScreen.storyboard in Resources */,
				DA03E2CB2B794DCB002FBB62 /* Assets.xcassets in Resources */,
			);
			runOnlyForDeploymentPostprocessing = 0;
		};
/* End PBXResourcesBuildPhase section */

/* Begin PBXSourcesBuildPhase section */
		DA03E2BA2B794DCA002FBB62 /* Sources */ = {
			isa = PBXSourcesBuildPhase;
			buildActionMask = 2147483647;
			files = (
				DA03E2DC2B795477002FBB62 /* DetailCoordinator.swift in Sources */,
				DA03E2DA2B79512E002FBB62 /* DetailViewController.swift in Sources */,
				DA03E2D62B794E50002FBB62 /* Coordinator.swift in Sources */,
				DA03E2C62B794DCA002FBB62 /* ViewController.swift in Sources */,
				DA03E2C22B794DCA002FBB62 /* AppDelegate.swift in Sources */,
				DA03E2D82B794ECC002FBB62 /* MainCoordinator.swift in Sources */,
				DA03E2C42B794DCA002FBB62 /* SceneDelegate.swift in Sources */,
			);
			runOnlyForDeploymentPostprocessing = 0;
		};
/* End PBXSourcesBuildPhase section */

/* Begin PBXVariantGroup section */
		DA03E2CC2B794DCB002FBB62 /* LaunchScreen.storyboard */ = {
			isa = PBXVariantGroup;
			children = (
				DA03E2CD2B794DCB002FBB62 /* Base */,
			);
			name = LaunchScreen.storyboard;
			sourceTree = "<group>";
		};
/* End PBXVariantGroup section */

/* Begin XCBuildConfiguration section */
		DA03E2D02B794DCB002FBB62 /* Debug */ = {
			isa = XCBuildConfiguration;
			buildSettings = {
				ALWAYS_SEARCH_USER_PATHS = NO;
				ASSETCATALOG_COMPILER_GENERATE_SWIFT_ASSET_SYMBOL_EXTENSIONS = YES;
				CLANG_ANALYZER_NONNULL = YES;
				CLANG_ANALYZER_NUMBER_OBJECT_CONVERSION = YES_AGGRESSIVE;
				CLANG_CXX_LANGUAGE_STANDARD = "gnu++20";
				CLANG_ENABLE_MODULES = YES;
				CLANG_ENABLE_OBJC_ARC = YES;
				CLANG_ENABLE_OBJC_WEAK = YES;
				CLANG_WARN_BLOCK_CAPTURE_AUTORELEASING = YES;
				CLANG_WARN_BOOL_CONVERSION = YES;
				CLANG_WARN_COMMA = YES;
				CLANG_WARN_CONSTANT_CONVERSION = YES;
				CLANG_WARN_DEPRECATED_OBJC_IMPLEMENTATIONS = YES;
				CLANG_WARN_DIRECT_OBJC_ISA_USAGE = YES_ERROR;
				CLANG_WARN_DOCUMENTATION_COMMENTS = YES;
				CLANG_WARN_EMPTY_BODY = YES;
				CLANG_WARN_ENUM_CONVERSION = YES;
				CLANG_WARN_INFINITE_RECURSION = YES;
				CLANG_WARN_INT_CONVERSION = YES;
				CLANG_WARN_NON_LITERAL_NULL_CONVERSION = YES;
				CLANG_WARN_OBJC_IMPLICIT_RETAIN_SELF = YES;
				CLANG_WARN_OBJC_LITERAL_CONVERSION = YES;
				CLANG_WARN_OBJC_ROOT_CLASS = YES_ERROR;
				CLANG_WARN_QUOTED_INCLUDE_IN_FRAMEWORK_HEADER = YES;
				CLANG_WARN_RANGE_LOOP_ANALYSIS = YES;
				CLANG_WARN_STRICT_PROTOTYPES = YES;
				CLANG_WARN_SUSPICIOUS_MOVE = YES;
				CLANG_WARN_UNGUARDED_AVAILABILITY = YES_AGGRESSIVE;
				CLANG_WARN_UNREACHABLE_CODE = YES;
				CLANG_WARN__DUPLICATE_METHOD_MATCH = YES;
				COPY_PHASE_STRIP = NO;
				DEBUG_INFORMATION_FORMAT = dwarf;
				ENABLE_STRICT_OBJC_MSGSEND = YES;
				ENABLE_TESTABILITY = YES;
				ENABLE_USER_SCRIPT_SANDBOXING = YES;
				GCC_C_LANGUAGE_STANDARD = gnu17;
				GCC_DYNAMIC_NO_PIC = NO;
				GCC_NO_COMMON_BLOCKS = YES;
				GCC_OPTIMIZATION_LEVEL = 0;
				GCC_PREPROCESSOR_DEFINITIONS = (
					"DEBUG=1",
					"$(inherited)",
				);
				GCC_WARN_64_TO_32_BIT_CONVERSION = YES;
				GCC_WARN_ABOUT_RETURN_TYPE = YES_ERROR;
				GCC_WARN_UNDECLARED_SELECTOR = YES;
				GCC_WARN_UNINITIALIZED_AUTOS = YES_AGGRESSIVE;
				GCC_WARN_UNUSED_FUNCTION = YES;
				GCC_WARN_UNUSED_VARIABLE = YES;
				IPHONEOS_DEPLOYMENT_TARGET = 17.2;
				LOCALIZATION_PREFERS_STRING_CATALOGS = YES;
				MTL_ENABLE_DEBUG_INFO = INCLUDE_SOURCE;
				MTL_FAST_MATH = YES;
				ONLY_ACTIVE_ARCH = YES;
				SDKROOT = iphoneos;
				SWIFT_ACTIVE_COMPILATION_CONDITIONS = "DEBUG $(inherited)";
				SWIFT_OPTIMIZATION_LEVEL = "-Onone";
			};
			name = Debug;
		};
		DA03E2D12B794DCB002FBB62 /* Release */ = {
			isa = XCBuildConfiguration;
			buildSettings = {
				ALWAYS_SEARCH_USER_PATHS = NO;
				ASSETCATALOG_COMPILER_GENERATE_SWIFT_ASSET_SYMBOL_EXTENSIONS = YES;
				CLANG_ANALYZER_NONNULL = YES;
				CLANG_ANALYZER_NUMBER_OBJECT_CONVERSION = YES_AGGRESSIVE;
				CLANG_CXX_LANGUAGE_STANDARD = "gnu++20";
				CLANG_ENABLE_MODULES = YES;
				CLANG_ENABLE_OBJC_ARC = YES;
				CLANG_ENABLE_OBJC_WEAK = YES;
				CLANG_WARN_BLOCK_CAPTURE_AUTORELEASING = YES;
				CLANG_WARN_BOOL_CONVERSION = YES;
				CLANG_WARN_COMMA = YES;
				CLANG_WARN_CONSTANT_CONVERSION = YES;
				CLANG_WARN_DEPRECATED_OBJC_IMPLEMENTATIONS = YES;
				CLANG_WARN_DIRECT_OBJC_ISA_USAGE = YES_ERROR;
				CLANG_WARN_DOCUMENTATION_COMMENTS = YES;
				CLANG_WARN_EMPTY_BODY = YES;
				CLANG_WARN_ENUM_CONVERSION = YES;
				CLANG_WARN_INFINITE_RECURSION = YES;
				CLANG_WARN_INT_CONVERSION = YES;
				CLANG_WARN_NON_LITERAL_NULL_CONVERSION = YES;
				CLANG_WARN_OBJC_IMPLICIT_RETAIN_SELF = YES;
				CLANG_WARN_OBJC_LITERAL_CONVERSION = YES;
				CLANG_WARN_OBJC_ROOT_CLASS = YES_ERROR;
				CLANG_WARN_QUOTED_INCLUDE_IN_FRAMEWORK_HEADER = YES;
				CLANG_WARN_RANGE_LOOP_ANALYSIS = YES;
				CLANG_WARN_STRICT_PROTOTYPES = YES;
				CLANG_WARN_SUSPICIOUS_MOVE = YES;
				CLANG_WARN_UNGUARDED_AVAILABILITY = YES_AGGRESSIVE;
				CLANG_WARN_UNREACHABLE_CODE = YES;
				CLANG_WARN__DUPLICATE_METHOD_MATCH = YES;
				COPY_PHASE_STRIP = NO;
				DEBUG_INFORMATION_FORMAT = "dwarf-with-dsym";
				ENABLE_NS_ASSERTIONS = NO;
				ENABLE_STRICT_OBJC_MSGSEND = YES;
				ENABLE_USER_SCRIPT_SANDBOXING = YES;
				GCC_C_LANGUAGE_STANDARD = gnu17;
				GCC_NO_COMMON_BLOCKS = YES;
				GCC_WARN_64_TO_32_BIT_CONVERSION = YES;
				GCC_WARN_ABOUT_RETURN_TYPE = YES_ERROR;
				GCC_WARN_UNDECLARED_SELECTOR = YES;
				GCC_WARN_UNINITIALIZED_AUTOS = YES_AGGRESSIVE;
				GCC_WARN_UNUSED_FUNCTION = YES;
				GCC_WARN_UNUSED_VARIABLE = YES;
				IPHONEOS_DEPLOYMENT_TARGET = 17.2;
				LOCALIZATION_PREFERS_STRING_CATALOGS = YES;
				MTL_ENABLE_DEBUG_INFO = NO;
				MTL_FAST_MATH = YES;
				SDKROOT = iphoneos;
				SWIFT_COMPILATION_MODE = wholemodule;
				VALIDATE_PRODUCT = YES;
			};
			name = Release;
		};
		DA03E2D32B794DCB002FBB62 /* Debug */ = {
			isa = XCBuildConfiguration;
			buildSettings = {
				ASSETCATALOG_COMPILER_APPICON_NAME = AppIcon;
				ASSETCATALOG_COMPILER_GLOBAL_ACCENT_COLOR_NAME = AccentColor;
				CODE_SIGN_STYLE = Automatic;
				CURRENT_PROJECT_VERSION = 1;
				DEVELOPMENT_TEAM = S4S78NB55K;
				GENERATE_INFOPLIST_FILE = YES;
				INFOPLIST_FILE = "coordinator-pattern/Info.plist";
				INFOPLIST_KEY_UIApplicationSupportsIndirectInputEvents = YES;
				INFOPLIST_KEY_UILaunchStoryboardName = LaunchScreen;
				INFOPLIST_KEY_UISupportedInterfaceOrientations_iPad = "UIInterfaceOrientationPortrait UIInterfaceOrientationPortraitUpsideDown UIInterfaceOrientationLandscapeLeft UIInterfaceOrientationLandscapeRight";
				INFOPLIST_KEY_UISupportedInterfaceOrientations_iPhone = "UIInterfaceOrientationPortrait UIInterfaceOrientationLandscapeLeft UIInterfaceOrientationLandscapeRight";
				LD_RUNPATH_SEARCH_PATHS = (
					"$(inherited)",
					"@executable_path/Frameworks",
				);
				MARKETING_VERSION = 1.0;
				PRODUCT_BUNDLE_IDENTIFIER = "com.example.coordinator-pattern";
				PRODUCT_NAME = "$(TARGET_NAME)";
				SWIFT_EMIT_LOC_STRINGS = YES;
				SWIFT_VERSION = 5.0;
				TARGETED_DEVICE_FAMILY = "1,2";
			};
			name = Debug;
		};
		DA03E2D42B794DCB002FBB62 /* Release */ = {
			isa = XCBuildConfiguration;
			buildSettings = {
				ASSETCATALOG_COMPILER_APPICON_NAME = AppIcon;
				ASSETCATALOG_COMPILER_GLOBAL_ACCENT_COLOR_NAME = AccentColor;
				CODE_SIGN_STYLE = Automatic;
				CURRENT_PROJECT_VERSION = 1;
				DEVELOPMENT_TEAM = S4S78NB55K;
				GENERATE_INFOPLIST_FILE = YES;
				INFOPLIST_FILE = "coordinator-pattern/Info.plist";
				INFOPLIST_KEY_UIApplicationSupportsIndirectInputEvents = YES;
				INFOPLIST_KEY_UILaunchStoryboardName = LaunchScreen;
				INFOPLIST_KEY_UISupportedInterfaceOrientations_iPad = "UIInterfaceOrientationPortrait UIInterfaceOrientationPortraitUpsideDown UIInterfaceOrientationLandscapeLeft UIInterfaceOrientationLandscapeRight";
				INFOPLIST_KEY_UISupportedInterfaceOrientations_iPhone = "UIInterfaceOrientationPortrait UIInterfaceOrientationLandscapeLeft UIInterfaceOrientationLandscapeRight";
				LD_RUNPATH_SEARCH_PATHS = (
					"$(inherited)",
					"@executable_path/Frameworks",
				);
				MARKETING_VERSION = 1.0;
				PRODUCT_BUNDLE_IDENTIFIER = "com.example.coordinator-pattern";
				PRODUCT_NAME = "$(TARGET_NAME)";
				SWIFT_EMIT_LOC_STRINGS = YES;
				SWIFT_VERSION = 5.0;
				TARGETED_DEVICE_FAMILY = "1,2";
			};
			name = Release;
		};
/* End XCBuildConfiguration section */

/* Begin XCConfigurationList section */
		DA03E2B92B794DCA002FBB62 /* Build configuration list for PBXProject "coordinator-pattern" */ = {
			isa = XCConfigurationList;
			buildConfigurations = (
				DA03E2D02B794DCB002FBB62 /* Debug */,
				DA03E2D12B794DCB002FBB62 /* Release */,
			);
			defaultConfigurationIsVisible = 0;
			defaultConfigurationName = Release;
		};
		DA03E2D22B794DCB002FBB62 /* Build configuration list for PBXNativeTarget "coordinator-pattern" */ = {
			isa = XCConfigurationList;
			buildConfigurations = (
				DA03E2D32B794DCB002FBB62 /* Debug */,
				DA03E2D42B794DCB002FBB62 /* Release */,
			);
			defaultConfigurationIsVisible = 0;
			defaultConfigurationName = Release;
		};
/* End XCConfigurationList section */
	};
	rootObject = DA03E2B62B794DCA002FBB62 /* Project object */;
}
